
Microsoft Visual Studio Solution File, Format Version 12.00
# Visual Studio Version 17
VisualStudioVersion = 17.6.33815.320
MinimumVisualStudioVersion = 10.0.40219.1
Project("{FAE04EC0-301F-11D3-BF4B-00C04F79EFBC}") = "Ejercicio56ok.Consola", "Ejercicio56ok.Consola\Ejercicio56ok.Consola.csproj", "{B9143323-2F15-47B3-BFD7-244E09F9ADB6}"
EndProject
Project("{FAE04EC0-301F-11D3-BF4B-00C04F79EFBC}") = "Ejercicio56ok.Windows", "Ejercicio56ok.Windows\Ejercicio56ok.Windows.csproj", "{B4E08A35-3EF6-45DE-841B-5C166A695283}"
EndProject
Global
	GlobalSection(SolutionConfigurationPlatforms) = preSolution
		Debug|Any CPU = Debug|Any CPU
		Release|Any CPU = Release|Any CPU
	EndGlobalSection
	GlobalSection(ProjectConfigurationPlatforms) = postSolution
		{B9143323-2F15-47B3-BFD7-244E09F9ADB6}.Debug|Any CPU.ActiveCfg = Debug|Any CPU
		{B9143323-2F15-47B3-BFD7-244E09F9ADB6}.Debug|Any CPU.Build.0 = Debug|Any CPU
		{B9143323-2F15-47B3-BFD7-244E09F9ADB6}.Release|Any CPU.ActiveCfg = Release|Any CPU
		{B9143323-2F15-47B3-BFD7-244E09F9ADB6}.Release|Any CPU.Build.0 = Release|Any CPU
		{B4E08A35-3EF6-45DE-841B-5C166A695283}.Debug|Any CPU.ActiveCfg = Debug|Any CPU
		{B4E08A35-3EF6-45DE-841B-5C166A695283}.Debug|Any CPU.Build.0 = Debug|Any CPU
		{B4E08A35-3EF6-45DE-841B-5C166A695283}.Release|Any CPU.ActiveCfg = Release|Any CPU
		{B4E08A35-3EF6-45DE-841B-5C166A695283}.Release|Any CPU.Build.0 = Release|Any CPU
	EndGlobalSection
	GlobalSection(SolutionProperties) = preSolution
		HideSolutionNode = FALSE
	EndGlobalSection
	GlobalSection(ExtensibilityGlobals) = postSolution
		SolutionGuid = {49E1EF6E-93FB-4AE4-88BE-D2A94D7C1DDB}
	EndGlobalSection
EndGlobal
